{
    "version": 3,
    "terraform_version": "0.11.5",
    "serial": 32,
    "lineage": "5987bd2c-f98a-7e7d-a337-64b94fe9999a",
    "modules": [
        {
            "path": [
                "root"
            ],
            "outputs": {
                "Cloud ID Tag": {
                    "sensitive": false,
                    "type": "string",
                    "value": "dd2b81a8"
                },
                "Compute IPs": {
                    "sensitive": false,
                    "type": "list",
                    "value": [
                        "147.75.199.149"
                    ]
                },
                "Control IPs": {
                    "sensitive": false,
                    "type": "list",
                    "value": [
                        "147.75.97.170"
                    ]
                }
            },
            "resources": {
                "data.template_file.compute_hosts": {
                    "type": "template_file",
                    "depends_on": [
                        "packet_device.compute",
                        "packet_device.control.*"
                    ],
                    "primary": {
                        "id": "b39a5be5d8deac1e66fccaaee67f591dddca80dbabd5c428bd051f5c6e9fc2be",
                        "attributes": {
                            "id": "b39a5be5d8deac1e66fccaaee67f591dddca80dbabd5c428bd051f5c6e9fc2be",
                            "rendered": "control-00:\n    ip: 147.75.97.170\n",
                            "template": "${hostname}:\n    ip: ${public_ip}\n",
                            "vars.%": "2",
                            "vars.hostname": "control-00",
                            "vars.public_ip": "147.75.97.170"
                        },
                        "meta": {},
                        "tainted": false
                    },
                    "deposed": [],
                    "provider": "provider.template"
                },
                "data.template_file.infrastructure_hosts": {
                    "type": "template_file",
                    "depends_on": [
                        "packet_device.control",
                        "packet_device.control.*"
                    ],
                    "primary": {
                        "id": "b39a5be5d8deac1e66fccaaee67f591dddca80dbabd5c428bd051f5c6e9fc2be",
                        "attributes": {
                            "id": "b39a5be5d8deac1e66fccaaee67f591dddca80dbabd5c428bd051f5c6e9fc2be",
                            "rendered": "control-00:\n    ip: 147.75.97.170\n",
                            "template": "${hostname}:\n    ip: ${public_ip}\n",
                            "vars.%": "2",
                            "vars.hostname": "control-00",
                            "vars.public_ip": "147.75.97.170"
                        },
                        "meta": {},
                        "tainted": false
                    },
                    "deposed": [],
                    "provider": "provider.template"
                },
                "data.template_file.openstack_user_config": {
                    "type": "template_file",
                    "depends_on": [
                        "data.template_file.compute_hosts.*",
                        "data.template_file.infrastructure_hosts.*",
                        "packet_device.compute.*",
                        "packet_device.control.*"
                    ],
                    "primary": {
                        "id": "b016b217adab29dec64db42bb42d21294a6f4e626bace108711436776d294179",
                        "attributes": {
                            "id": "b016b217adab29dec64db42bb42d21294a6f4e626bace108711436776d294179",
                            "rendered": "---\ncidr_networks: \u0026cidr_networks\n  container: 172.29.236.0/22\n  external: 192.169.91.96/28\n\nused_ips:\n  - \"10.53.2.0,10.53.2.10\"\n  - \"192.169.91.96,192.169.91.100\"\n\nglobal_overrides:\n  cidr_networks: *cidr_networks\n  internal_lb_vip_address: 172.29.236.2\n  #\n  # The below domain name must resolve to an IP address\n  # in the CIDR specified in haproxy_keepalived_external_vip_cidr.\n  # If using different protocols (https/http) for the public/internal\n  # endpoints the two addresses must be different.\n  #\n  external_lb_vip_address: 147.75.50.183\n  tunnel_bridge: \"br-mgmt\"\n  management_bridge: \"br-mgmt\"\n  provider_networks:\n    - network:\n        container_bridge: \"br-mgmt\"\n        container_type: \"veth\"\n        container_interface: \"eth1\"\n        ip_from_q: \"container\"\n        type: \"vxlan\"\n        range: \"1:1000\"\n        net_name: \"vxlan\"\n        group_binds:\n          - all_containers\n          - hosts\n        is_container_address: true\n        is_ssh_address: true\n        static_routes:\n          # Route to container networks\n          - cidr: 10.4.69.0/24\n            gateway: 10.53.2.1\n    - network:\n        container_bridge: \"br-flat\"\n        container_type: \"veth\"\n        container_interface: \"eth12\"\n        container_mtu: 8900\n        host_bind_override: vup-flat\n        type: \"flat\"\n        net_name: \"flat\"\n        group_binds:\n          - neutron_linuxbridge_agent\n\n###\n### Infrastructure\n###\n\n_infrastructure_hosts: \u0026infrastructure_hosts\n  control-00:\n    ip: 147.75.97.170\n\n\nshared-infra_hosts: *infrastructure_hosts\nrepo-infra_hosts: *infrastructure_hosts\nhaproxy_hosts: *infrastructure_hosts\nidentity_hosts: *infrastructure_hosts\nimage_hosts: *infrastructure_hosts\ncompute-infra_hosts: *infrastructure_hosts\ndashboard_hosts: *infrastructure_hosts\nnetwork_hosts: *infrastructure_hosts\n\n# nova hypervisors\ncompute_hosts: \u0026compute_hosts\n  control-00:\n    ip: 147.75.97.170\n\n",
                            "template": "---\ncidr_networks: \u0026cidr_networks\n  container: 172.29.236.0/22\n  external: 192.169.91.96/28\n\nused_ips:\n  - \"10.53.2.0,10.53.2.10\"\n  - \"192.169.91.96,192.169.91.100\"\n\nglobal_overrides:\n  cidr_networks: *cidr_networks\n  internal_lb_vip_address: 172.29.236.2\n  #\n  # The below domain name must resolve to an IP address\n  # in the CIDR specified in haproxy_keepalived_external_vip_cidr.\n  # If using different protocols (https/http) for the public/internal\n  # endpoints the two addresses must be different.\n  #\n  external_lb_vip_address: 147.75.50.183\n  tunnel_bridge: \"br-mgmt\"\n  management_bridge: \"br-mgmt\"\n  provider_networks:\n    - network:\n        container_bridge: \"br-mgmt\"\n        container_type: \"veth\"\n        container_interface: \"eth1\"\n        ip_from_q: \"container\"\n        type: \"vxlan\"\n        range: \"1:1000\"\n        net_name: \"vxlan\"\n        group_binds:\n          - all_containers\n          - hosts\n        is_container_address: true\n        is_ssh_address: true\n        static_routes:\n          # Route to container networks\n          - cidr: 10.4.69.0/24\n            gateway: 10.53.2.1\n    - network:\n        container_bridge: \"br-flat\"\n        container_type: \"veth\"\n        container_interface: \"eth12\"\n        container_mtu: 8900\n        host_bind_override: vup-flat\n        type: \"flat\"\n        net_name: \"flat\"\n        group_binds:\n          - neutron_linuxbridge_agent\n\n###\n### Infrastructure\n###\n\n_infrastructure_hosts: \u0026infrastructure_hosts\n  ${infrastructure_hosts}\n\nshared-infra_hosts: *infrastructure_hosts\nrepo-infra_hosts: *infrastructure_hosts\nhaproxy_hosts: *infrastructure_hosts\nidentity_hosts: *infrastructure_hosts\nimage_hosts: *infrastructure_hosts\ncompute-infra_hosts: *infrastructure_hosts\ndashboard_hosts: *infrastructure_hosts\nnetwork_hosts: *infrastructure_hosts\n\n# nova hypervisors\ncompute_hosts: \u0026compute_hosts\n  ${compute_hosts}\n",
                            "vars.%": "5",
                            "vars.compute_hosts": "control-00:\n    ip: 147.75.97.170\n",
                            "vars.compute_public_ips": "147.75.199.149",
                            "vars.control_hostnames": "\"control-00\"",
                            "vars.control_public_ips": "147.75.97.170",
                            "vars.infrastructure_hosts": "control-00:\n    ip: 147.75.97.170\n"
                        },
                        "meta": {},
                        "tainted": false
                    },
                    "deposed": [],
                    "provider": "provider.template"
                },
                "null_resource.inventory": {
                    "type": "null_resource",
                    "depends_on": [
                        "data.template_file.openstack_user_config"
                    ],
                    "primary": {
                        "id": "7863837558110371474",
                        "attributes": {
                            "id": "7863837558110371474",
                            "triggers.%": "1",
                            "triggers.template_rendered": "---\ncidr_networks: \u0026cidr_networks\n  container: 172.29.236.0/22\n  external: 192.169.91.96/28\n\nused_ips:\n  - \"10.53.2.0,10.53.2.10\"\n  - \"192.169.91.96,192.169.91.100\"\n\nglobal_overrides:\n  cidr_networks: *cidr_networks\n  internal_lb_vip_address: 172.29.236.2\n  #\n  # The below domain name must resolve to an IP address\n  # in the CIDR specified in haproxy_keepalived_external_vip_cidr.\n  # If using different protocols (https/http) for the public/internal\n  # endpoints the two addresses must be different.\n  #\n  external_lb_vip_address: 147.75.50.183\n  tunnel_bridge: \"br-mgmt\"\n  management_bridge: \"br-mgmt\"\n  provider_networks:\n    - network:\n        container_bridge: \"br-mgmt\"\n        container_type: \"veth\"\n        container_interface: \"eth1\"\n        ip_from_q: \"container\"\n        type: \"vxlan\"\n        range: \"1:1000\"\n        net_name: \"vxlan\"\n        group_binds:\n          - all_containers\n          - hosts\n        is_container_address: true\n        is_ssh_address: true\n        static_routes:\n          # Route to container networks\n          - cidr: 10.4.69.0/24\n            gateway: 10.53.2.1\n    - network:\n        container_bridge: \"br-flat\"\n        container_type: \"veth\"\n        container_interface: \"eth12\"\n        container_mtu: 8900\n        host_bind_override: vup-flat\n        type: \"flat\"\n        net_name: \"flat\"\n        group_binds:\n          - neutron_linuxbridge_agent\n\n###\n### Infrastructure\n###\n\n_infrastructure_hosts: \u0026infrastructure_hosts\n  control-00:\n    ip: 147.75.97.170\n\n\nshared-infra_hosts: *infrastructure_hosts\nrepo-infra_hosts: *infrastructure_hosts\nhaproxy_hosts: *infrastructure_hosts\nidentity_hosts: *infrastructure_hosts\nimage_hosts: *infrastructure_hosts\ncompute-infra_hosts: *infrastructure_hosts\ndashboard_hosts: *infrastructure_hosts\nnetwork_hosts: *infrastructure_hosts\n\n# nova hypervisors\ncompute_hosts: \u0026compute_hosts\n  control-00:\n    ip: 147.75.97.170\n\n"
                        },
                        "meta": {},
                        "tainted": false
                    },
                    "deposed": [],
                    "provider": "provider.null"
                },
                "packet_device.compute": {
                    "type": "packet_device",
                    "depends_on": [
                        "random_id.cloud"
                    ],
                    "primary": {
                        "id": "010b9f43-3fce-4444-b3c4-ac1e129a5c35",
                        "attributes": {
                            "access_private_ipv4": "10.99.24.131",
                            "access_public_ipv4": "147.75.199.149",
                            "access_public_ipv6": "2604:1380:0:2600::3",
                            "always_pxe": "false",
                            "billing_cycle": "hourly",
                            "created": "2018-12-06T18:49:47Z",
                            "facility": "ewr1",
                            "hostname": "compute-00",
                            "id": "010b9f43-3fce-4444-b3c4-ac1e129a5c35",
                            "ipxe_script_url": "",
                            "locked": "false",
                            "network.#": "3",
                            "network.0.address": "147.75.199.149",
                            "network.0.cidr": "31",
                            "network.0.family": "4",
                            "network.0.gateway": "147.75.199.148",
                            "network.0.public": "true",
                            "network.1.address": "2604:1380:0:2600::3",
                            "network.1.cidr": "127",
                            "network.1.family": "6",
                            "network.1.gateway": "2604:1380:0:2600::2",
                            "network.1.public": "true",
                            "network.2.address": "10.99.24.131",
                            "network.2.cidr": "31",
                            "network.2.family": "4",
                            "network.2.gateway": "10.99.24.130",
                            "network.2.public": "false",
                            "operating_system": "centos_7",
                            "plan": "baremetal_2",
                            "project_id": "515dfd14-9647-475e-903f-d5cc8151f215",
                            "public_ipv4_subnet_size": "31",
                            "root_password": "5r_Mv\u00260Zb)",
                            "state": "active",
                            "storage": "",
                            "tags.#": "1",
                            "tags.0": "openstack-dd2b81a8",
                            "updated": "2018-12-06T18:51:12Z",
                            "user_data": "#cloud-config\n\nssh_authorized_keys:\n  - \"ssh-rsa AAAAB3NzaC1yc2EAAAADAQABAAABAQC6d3lJdnWzH8l4Pf55TeTfAy/3GUaI0BYdwZljpNaX/L5hVvOWVPaUIBuxuTylf5MBxAuotv8ZxGFkUaWTXJaLzRUZ8l5d8jztdft58v4rHcTthdTafKC50JPw+WBhHgWLRxddvcxW/ou6R5X9VLKZ/wCwTCwQgZEecf5s3xXQjvFN2urI8nrauVMLypDfl0hwaPylf0FBfTApdscAFQY+RAvPU1Sb1Mp2UVzB3+bblGHNa5IE/OJDujnisEDAM1hbkyyRWQWzh7yXqML9G5LNF0E5KYAioAgUjmPKnik4B/aXQhDEip0mVpuhM8iPvOVGW+z65Q89hq1sIbLJnVRd studarus@shell\n\""
                        },
                        "meta": {},
                        "tainted": false
                    },
                    "deposed": [],
                    "provider": "provider.packet"
                },
                "packet_device.control": {
                    "type": "packet_device",
                    "depends_on": [
                        "random_id.cloud"
                    ],
                    "primary": {
                        "id": "3472bfad-44b1-422a-8d73-8b825f9d52fb",
                        "attributes": {
                            "access_private_ipv4": "10.99.24.129",
                            "access_public_ipv4": "147.75.97.170",
                            "access_public_ipv6": "2604:1380:0:2600::1",
                            "always_pxe": "false",
                            "billing_cycle": "hourly",
                            "created": "2018-12-06T18:49:45Z",
                            "facility": "ewr1",
                            "hostname": "control-00",
                            "id": "3472bfad-44b1-422a-8d73-8b825f9d52fb",
                            "ipxe_script_url": "",
                            "locked": "false",
                            "network.#": "3",
                            "network.0.address": "147.75.97.170",
                            "network.0.cidr": "29",
                            "network.0.family": "4",
                            "network.0.gateway": "147.75.97.169",
                            "network.0.public": "true",
                            "network.1.address": "2604:1380:0:2600::1",
                            "network.1.cidr": "127",
                            "network.1.family": "6",
                            "network.1.gateway": "2604:1380:0:2600::",
                            "network.1.public": "true",
                            "network.2.address": "10.99.24.129",
                            "network.2.cidr": "31",
                            "network.2.family": "4",
                            "network.2.gateway": "10.99.24.128",
                            "network.2.public": "false",
                            "operating_system": "centos_7",
                            "plan": "baremetal_2",
                            "project_id": "515dfd14-9647-475e-903f-d5cc8151f215",
                            "public_ipv4_subnet_size": "29",
                            "root_password": "5z:55sWl{Q",
                            "state": "active",
                            "storage": "",
                            "tags.#": "1",
                            "tags.0": "openstack-dd2b81a8",
                            "updated": "2018-12-06T18:51:07Z",
                            "user_data": "#cloud-config\n\nssh_authorized_keys:\n  - \"ssh-rsa AAAAB3NzaC1yc2EAAAADAQABAAABAQC6d3lJdnWzH8l4Pf55TeTfAy/3GUaI0BYdwZljpNaX/L5hVvOWVPaUIBuxuTylf5MBxAuotv8ZxGFkUaWTXJaLzRUZ8l5d8jztdft58v4rHcTthdTafKC50JPw+WBhHgWLRxddvcxW/ou6R5X9VLKZ/wCwTCwQgZEecf5s3xXQjvFN2urI8nrauVMLypDfl0hwaPylf0FBfTApdscAFQY+RAvPU1Sb1Mp2UVzB3+bblGHNa5IE/OJDujnisEDAM1hbkyyRWQWzh7yXqML9G5LNF0E5KYAioAgUjmPKnik4B/aXQhDEip0mVpuhM8iPvOVGW+z65Q89hq1sIbLJnVRd studarus@shell\n\""
                        },
                        "meta": {},
                        "tainted": false
                    },
                    "deposed": [],
                    "provider": "provider.packet"
                },
                "random_id.cloud": {
                    "type": "random_id",
                    "depends_on": [],
                    "primary": {
                        "id": "3SuBqA",
                        "attributes": {
                            "b64": "3SuBqA",
                            "b64_std": "3SuBqA==",
                            "b64_url": "3SuBqA",
                            "byte_length": "4",
                            "dec": "3710615976",
                            "hex": "dd2b81a8",
                            "id": "3SuBqA"
                        },
                        "meta": {},
                        "tainted": false
                    },
                    "deposed": [],
                    "provider": "provider.random"
                }
            },
            "depends_on": []
        }
    ]
}
